
Microsoft Visual Studio Solution File, Format Version 12.00
# Visual Studio Version 17
VisualStudioVersion = 17.10.35004.147
MinimumVisualStudioVersion = 10.0.40219.1
Project("{FAE04EC0-301F-11D3-BF4B-00C04F79EFBC}") = "PhanBaoTrung-Buoi4", "PhanBaoTrung-Buoi4.csproj", "{BD843C26-6264-4FF5-A01E-1FC9899C9FBE}"
EndProject
Global
	GlobalSection(SolutionConfigurationPlatforms) = preSolution
		Debug|Any CPU = Debug|Any CPU
		Release|Any CPU = Release|Any CPU
	EndGlobalSection
	GlobalSection(ProjectConfigurationPlatforms) = postSolution
		{BD843C26-6264-4FF5-A01E-1FC9899C9FBE}.Debug|Any CPU.ActiveCfg = Debug|Any CPU
		{BD843C26-6264-4FF5-A01E-1FC9899C9FBE}.Debug|Any CPU.Build.0 = Debug|Any CPU
		{BD843C26-6264-4FF5-A01E-1FC9899C9FBE}.Release|Any CPU.ActiveCfg = Release|Any CPU
		{BD843C26-6264-4FF5-A01E-1FC9899C9FBE}.Release|Any CPU.Build.0 = Release|Any CPU
	EndGlobalSection
	GlobalSection(SolutionProperties) = preSolution
		HideSolutionNode = FALSE
	EndGlobalSection
	GlobalSection(ExtensibilityGlobals) = postSolution
		SolutionGuid = {44004C41-0FE4-4AE9-A718-7CB350653622}
	EndGlobalSection
EndGlobal
